
Microsoft Visual Studio Solution File, Format Version 12.00
# Visual Studio 2012
Project("{8BC9CEB8-8B4A-11D0-8D11-00A0C91BC942}") = "cv", "cv\cv.vcxproj", "{41104FF7-0589-4C72-8189-02A1B720603A}"
EndProject
Global
	GlobalSection(SolutionConfigurationPlatforms) = preSolution
		Debug|Win32 = Debug|Win32
		Release|Win32 = Release|Win32
	EndGlobalSection
	GlobalSection(ProjectConfigurationPlatforms) = postSolution
		{41104FF7-0589-4C72-8189-02A1B720603A}.Debug|Win32.ActiveCfg = Debug|Win32
		{41104FF7-0589-4C72-8189-02A1B720603A}.Debug|Win32.Build.0 = Debug|Win32
		{41104FF7-0589-4C72-8189-02A1B720603A}.Release|Win32.ActiveCfg = Release|Win32
		{41104FF7-0589-4C72-8189-02A1B720603A}.Release|Win32.Build.0 = Release|Win32
	EndGlobalSection
	GlobalSection(SolutionProperties) = preSolution
		HideSolutionNode = FALSE
	EndGlobalSection
EndGlobal
